
Microsoft Visual Studio Solution File, Format Version 12.00
Project("{FAE04EC0-301F-11D3-BF4B-00C04F79EFBC}") = "lab02", "lab02.csproj", "{97511ED7-B928-4BC5-9CC6-5ECC4B9984D6}"
EndProject
Global
	GlobalSection(SolutionConfigurationPlatforms) = preSolution
		Debug|Any CPU = Debug|Any CPU
		Release|Any CPU = Release|Any CPU
	EndGlobalSection
	GlobalSection(ProjectConfigurationPlatforms) = postSolution
		{97511ED7-B928-4BC5-9CC6-5ECC4B9984D6}.Debug|Any CPU.ActiveCfg = Debug|Any CPU
		{97511ED7-B928-4BC5-9CC6-5ECC4B9984D6}.Debug|Any CPU.Build.0 = Debug|Any CPU
		{97511ED7-B928-4BC5-9CC6-5ECC4B9984D6}.Release|Any CPU.ActiveCfg = Release|Any CPU
		{97511ED7-B928-4BC5-9CC6-5ECC4B9984D6}.Release|Any CPU.Build.0 = Release|Any CPU
	EndGlobalSection
EndGlobal
