
Microsoft Visual Studio Solution File, Format Version 12.00
Project("{FAE04EC0-301F-11D3-BF4B-00C04F79EFBC}") = "Clients", "Clients\Clients.csproj", "{08C6BCA2-556B-42A6-9972-BBF63108C541}"
EndProject
Global
	GlobalSection(SolutionConfigurationPlatforms) = preSolution
		Debug|Any CPU = Debug|Any CPU
		Release|Any CPU = Release|Any CPU
	EndGlobalSection
	GlobalSection(ProjectConfigurationPlatforms) = postSolution
		{08C6BCA2-556B-42A6-9972-BBF63108C541}.Debug|Any CPU.ActiveCfg = Debug|Any CPU
		{08C6BCA2-556B-42A6-9972-BBF63108C541}.Debug|Any CPU.Build.0 = Debug|Any CPU
		{08C6BCA2-556B-42A6-9972-BBF63108C541}.Release|Any CPU.ActiveCfg = Release|Any CPU
		{08C6BCA2-556B-42A6-9972-BBF63108C541}.Release|Any CPU.Build.0 = Release|Any CPU
	EndGlobalSection
EndGlobal
