
Microsoft Visual Studio Solution File, Format Version 12.00
Project("{FAE04EC0-301F-11D3-BF4B-00C04F79EFBC}") = "lab03", "lab03\lab03.csproj", "{91DE88ED-A836-414E-8637-FF6FB72709E2}"
EndProject
Global
	GlobalSection(SolutionConfigurationPlatforms) = preSolution
		Debug|Any CPU = Debug|Any CPU
		Release|Any CPU = Release|Any CPU
	EndGlobalSection
	GlobalSection(ProjectConfigurationPlatforms) = postSolution
		{91DE88ED-A836-414E-8637-FF6FB72709E2}.Debug|Any CPU.ActiveCfg = Debug|Any CPU
		{91DE88ED-A836-414E-8637-FF6FB72709E2}.Debug|Any CPU.Build.0 = Debug|Any CPU
		{91DE88ED-A836-414E-8637-FF6FB72709E2}.Release|Any CPU.ActiveCfg = Release|Any CPU
		{91DE88ED-A836-414E-8637-FF6FB72709E2}.Release|Any CPU.Build.0 = Release|Any CPU
	EndGlobalSection
EndGlobal
